
Microsoft Visual Studio Solution File, Format Version 12.00
# Visual Studio 2013
VisualStudioVersion = 12.0.30501.0
MinimumVisualStudioVersion = 10.0.40219.1
Project("{FAE04EC0-301F-11D3-BF4B-00C04F79EFBC}") = "EpicNinjaStack.Client", "EpicNinjaStack.Client\EpicNinjaStack.Client.csproj", "{26A6D33D-8BAB-4ADC-B086-F6B80683C74E}"
EndProject
Project("{FAE04EC0-301F-11D3-BF4B-00C04F79EFBC}") = "EpicNinjaStack.MVVM", "EpicNinjaStack.MVVM\EpicNinjaStack.MVVM.csproj", "{FB146ECE-5DF9-4575-A85D-B415CFFAA3FA}"
EndProject
Project("{FAE04EC0-301F-11D3-BF4B-00C04F79EFBC}") = "EpicNinjaStack.Domain", "EpicNinjaStack.Domain\EpicNinjaStack.Domain.csproj", "{1818218F-5340-4D7F-94B2-513BA4208C36}"
EndProject
Project("{FAE04EC0-301F-11D3-BF4B-00C04F79EFBC}") = "EpicNinjaStack.DataAccess", "EpicNinjaStack.DataAccess\EpicNinjaStack.DataAccess.csproj", "{422AFAED-5DBB-4EA9-94DC-F7EC23F2DD38}"
EndProject
Project("{2150E333-8FDC-42A3-9474-1A3956D46DE8}") = ".nuget", ".nuget", "{30453746-6F63-4349-8465-1B7572B4463F}"
	ProjectSection(SolutionItems) = preProject
		.nuget\NuGet.Config = .nuget\NuGet.Config
		.nuget\NuGet.exe = .nuget\NuGet.exe
		.nuget\NuGet.targets = .nuget\NuGet.targets
	EndProjectSection
EndProject
Project("{FAE04EC0-301F-11D3-BF4B-00C04F79EFBC}") = "EpicNinjaStack.ClassLibrary.Template", "EpicNinjaStack.ClassLibrary.Template\EpicNinjaStack.ClassLibrary.Template.csproj", "{4B2F92A3-E9D1-477D-A804-A07965EF8B56}"
EndProject
Project("{930C7802-8A8C-48F9-8165-68863BCCD9DD}") = "EpicNinjaStack.Installer", "EpicNinjaStack.Installer\EpicNinjaStack.Installer.wixproj", "{7059FD44-0BF0-4AE9-8540-3C34E3FBFB0D}"
Project("{FAE04EC0-301F-11D3-BF4B-00C04F79EFBC}") = "EpicNinjaStack.MVVM.Tests", "EpicNinjaStack.MVVM.Tests\EpicNinjaStack.MVVM.Tests.csproj", "{99542AA9-B3B3-42E5-A73E-E6B52BF00C19}"
EndProject
Global
	GlobalSection(SolutionConfigurationPlatforms) = preSolution
		Debug|Any CPU = Debug|Any CPU
		Debug|Mixed Platforms = Debug|Mixed Platforms
		Debug|x86 = Debug|x86
		Release|Any CPU = Release|Any CPU
		Release|Mixed Platforms = Release|Mixed Platforms
		Release|x86 = Release|x86
	EndGlobalSection
	GlobalSection(ProjectConfigurationPlatforms) = postSolution
		{26A6D33D-8BAB-4ADC-B086-F6B80683C74E}.Debug|Any CPU.ActiveCfg = Debug|Any CPU
		{26A6D33D-8BAB-4ADC-B086-F6B80683C74E}.Debug|Any CPU.Build.0 = Debug|Any CPU
		{26A6D33D-8BAB-4ADC-B086-F6B80683C74E}.Debug|Mixed Platforms.ActiveCfg = Debug|Any CPU
		{26A6D33D-8BAB-4ADC-B086-F6B80683C74E}.Debug|Mixed Platforms.Build.0 = Debug|Any CPU
		{26A6D33D-8BAB-4ADC-B086-F6B80683C74E}.Debug|x86.ActiveCfg = Debug|Any CPU
		{26A6D33D-8BAB-4ADC-B086-F6B80683C74E}.Release|Any CPU.ActiveCfg = Release|Any CPU
		{26A6D33D-8BAB-4ADC-B086-F6B80683C74E}.Release|Any CPU.Build.0 = Release|Any CPU
		{26A6D33D-8BAB-4ADC-B086-F6B80683C74E}.Release|Mixed Platforms.ActiveCfg = Release|Any CPU
		{26A6D33D-8BAB-4ADC-B086-F6B80683C74E}.Release|Mixed Platforms.Build.0 = Release|Any CPU
		{26A6D33D-8BAB-4ADC-B086-F6B80683C74E}.Release|x86.ActiveCfg = Release|Any CPU
		{FB146ECE-5DF9-4575-A85D-B415CFFAA3FA}.Debug|Any CPU.ActiveCfg = Debug|Any CPU
		{FB146ECE-5DF9-4575-A85D-B415CFFAA3FA}.Debug|Any CPU.Build.0 = Debug|Any CPU
		{FB146ECE-5DF9-4575-A85D-B415CFFAA3FA}.Debug|Mixed Platforms.ActiveCfg = Debug|Any CPU
		{FB146ECE-5DF9-4575-A85D-B415CFFAA3FA}.Debug|Mixed Platforms.Build.0 = Debug|Any CPU
		{FB146ECE-5DF9-4575-A85D-B415CFFAA3FA}.Debug|x86.ActiveCfg = Debug|Any CPU
		{FB146ECE-5DF9-4575-A85D-B415CFFAA3FA}.Release|Any CPU.ActiveCfg = Release|Any CPU
		{FB146ECE-5DF9-4575-A85D-B415CFFAA3FA}.Release|Any CPU.Build.0 = Release|Any CPU
		{FB146ECE-5DF9-4575-A85D-B415CFFAA3FA}.Release|Mixed Platforms.ActiveCfg = Release|Any CPU
		{FB146ECE-5DF9-4575-A85D-B415CFFAA3FA}.Release|Mixed Platforms.Build.0 = Release|Any CPU
		{FB146ECE-5DF9-4575-A85D-B415CFFAA3FA}.Release|x86.ActiveCfg = Release|Any CPU
		{1818218F-5340-4D7F-94B2-513BA4208C36}.Debug|Any CPU.ActiveCfg = Debug|Any CPU
		{1818218F-5340-4D7F-94B2-513BA4208C36}.Debug|Any CPU.Build.0 = Debug|Any CPU
		{1818218F-5340-4D7F-94B2-513BA4208C36}.Debug|Mixed Platforms.ActiveCfg = Debug|Any CPU
		{1818218F-5340-4D7F-94B2-513BA4208C36}.Debug|Mixed Platforms.Build.0 = Debug|Any CPU
		{1818218F-5340-4D7F-94B2-513BA4208C36}.Debug|x86.ActiveCfg = Debug|Any CPU
		{1818218F-5340-4D7F-94B2-513BA4208C36}.Release|Any CPU.ActiveCfg = Release|Any CPU
		{1818218F-5340-4D7F-94B2-513BA4208C36}.Release|Any CPU.Build.0 = Release|Any CPU
		{1818218F-5340-4D7F-94B2-513BA4208C36}.Release|Mixed Platforms.ActiveCfg = Release|Any CPU
		{1818218F-5340-4D7F-94B2-513BA4208C36}.Release|Mixed Platforms.Build.0 = Release|Any CPU
		{1818218F-5340-4D7F-94B2-513BA4208C36}.Release|x86.ActiveCfg = Release|Any CPU
		{422AFAED-5DBB-4EA9-94DC-F7EC23F2DD38}.Debug|Any CPU.ActiveCfg = Debug|Any CPU
		{422AFAED-5DBB-4EA9-94DC-F7EC23F2DD38}.Debug|Any CPU.Build.0 = Debug|Any CPU
		{422AFAED-5DBB-4EA9-94DC-F7EC23F2DD38}.Debug|Mixed Platforms.ActiveCfg = Debug|Any CPU
		{422AFAED-5DBB-4EA9-94DC-F7EC23F2DD38}.Debug|Mixed Platforms.Build.0 = Debug|Any CPU
		{422AFAED-5DBB-4EA9-94DC-F7EC23F2DD38}.Debug|x86.ActiveCfg = Debug|Any CPU
		{422AFAED-5DBB-4EA9-94DC-F7EC23F2DD38}.Release|Any CPU.ActiveCfg = Release|Any CPU
		{422AFAED-5DBB-4EA9-94DC-F7EC23F2DD38}.Release|Any CPU.Build.0 = Release|Any CPU
		{422AFAED-5DBB-4EA9-94DC-F7EC23F2DD38}.Release|Mixed Platforms.ActiveCfg = Release|Any CPU
		{422AFAED-5DBB-4EA9-94DC-F7EC23F2DD38}.Release|Mixed Platforms.Build.0 = Release|Any CPU
		{422AFAED-5DBB-4EA9-94DC-F7EC23F2DD38}.Release|x86.ActiveCfg = Release|Any CPU
		{4B2F92A3-E9D1-477D-A804-A07965EF8B56}.Debug|Any CPU.ActiveCfg = Debug|Any CPU
		{4B2F92A3-E9D1-477D-A804-A07965EF8B56}.Debug|Any CPU.Build.0 = Debug|Any CPU
		{4B2F92A3-E9D1-477D-A804-A07965EF8B56}.Debug|Mixed Platforms.ActiveCfg = Debug|Any CPU
		{4B2F92A3-E9D1-477D-A804-A07965EF8B56}.Debug|Mixed Platforms.Build.0 = Debug|Any CPU
		{4B2F92A3-E9D1-477D-A804-A07965EF8B56}.Debug|x86.ActiveCfg = Debug|Any CPU
		{4B2F92A3-E9D1-477D-A804-A07965EF8B56}.Release|Any CPU.ActiveCfg = Release|Any CPU
		{4B2F92A3-E9D1-477D-A804-A07965EF8B56}.Release|Any CPU.Build.0 = Release|Any CPU
		{4B2F92A3-E9D1-477D-A804-A07965EF8B56}.Release|Mixed Platforms.ActiveCfg = Release|Any CPU
		{4B2F92A3-E9D1-477D-A804-A07965EF8B56}.Release|Mixed Platforms.Build.0 = Release|Any CPU
		{4B2F92A3-E9D1-477D-A804-A07965EF8B56}.Release|x86.ActiveCfg = Release|Any CPU
		{7059FD44-0BF0-4AE9-8540-3C34E3FBFB0D}.Debug|Any CPU.ActiveCfg = Debug|x86
		{7059FD44-0BF0-4AE9-8540-3C34E3FBFB0D}.Debug|Mixed Platforms.ActiveCfg = Debug|x86
		{7059FD44-0BF0-4AE9-8540-3C34E3FBFB0D}.Debug|Mixed Platforms.Build.0 = Debug|x86
		{7059FD44-0BF0-4AE9-8540-3C34E3FBFB0D}.Debug|x86.ActiveCfg = Debug|x86
		{7059FD44-0BF0-4AE9-8540-3C34E3FBFB0D}.Debug|x86.Build.0 = Debug|x86
		{7059FD44-0BF0-4AE9-8540-3C34E3FBFB0D}.Release|Any CPU.ActiveCfg = Release|x86
		{7059FD44-0BF0-4AE9-8540-3C34E3FBFB0D}.Release|Mixed Platforms.ActiveCfg = Release|x86
		{7059FD44-0BF0-4AE9-8540-3C34E3FBFB0D}.Release|Mixed Platforms.Build.0 = Release|x86
		{7059FD44-0BF0-4AE9-8540-3C34E3FBFB0D}.Release|x86.ActiveCfg = Release|x86
		{7059FD44-0BF0-4AE9-8540-3C34E3FBFB0D}.Release|x86.Build.0 = Release|x86
		{99542AA9-B3B3-42E5-A73E-E6B52BF00C19}.Debug|Any CPU.ActiveCfg = Debug|Any CPU
		{99542AA9-B3B3-42E5-A73E-E6B52BF00C19}.Debug|Any CPU.Build.0 = Debug|Any CPU
		{99542AA9-B3B3-42E5-A73E-E6B52BF00C19}.Release|Any CPU.ActiveCfg = Release|Any CPU
		{99542AA9-B3B3-42E5-A73E-E6B52BF00C19}.Release|Any CPU.Build.0 = Release|Any CPU
	EndGlobalSection
	GlobalSection(SolutionProperties) = preSolution
		HideSolutionNode = FALSE
	EndGlobalSection
EndGlobal
